
Microsoft Visual Studio Solution File, Format Version 12.00
# Visual Studio Version 17
VisualStudioVersion = 17.8.34511.84
MinimumVisualStudioVersion = 10.0.40219.1
Project("{FAE04EC0-301F-11D3-BF4B-00C04F79EFBC}") = "Shopifex", "Shopifex\Shopifex.csproj", "{59828FA6-A794-4A49-B56E-729009EB67EF}"
EndProject
Global
	GlobalSection(SolutionConfigurationPlatforms) = preSolution
		Debug|Any CPU = Debug|Any CPU
		Release|Any CPU = Release|Any CPU
	EndGlobalSection
	GlobalSection(ProjectConfigurationPlatforms) = postSolution
		{59828FA6-A794-4A49-B56E-729009EB67EF}.Debug|Any CPU.ActiveCfg = Debug|Any CPU
		{59828FA6-A794-4A49-B56E-729009EB67EF}.Debug|Any CPU.Build.0 = Debug|Any CPU
		{59828FA6-A794-4A49-B56E-729009EB67EF}.Release|Any CPU.ActiveCfg = Release|Any CPU
		{59828FA6-A794-4A49-B56E-729009EB67EF}.Release|Any CPU.Build.0 = Release|Any CPU
	EndGlobalSection
	GlobalSection(SolutionProperties) = preSolution
		HideSolutionNode = FALSE
	EndGlobalSection
	GlobalSection(ExtensibilityGlobals) = postSolution
		SolutionGuid = {BCA381E5-EB8C-47D9-9736-22C5BC76BBE6}
	EndGlobalSection
EndGlobal
